
Microsoft Visual Studio Solution File, Format Version 12.00
# Visual Studio Version 16
VisualStudioVersion = 16.0.30204.135
MinimumVisualStudioVersion = 10.0.40219.1
Project("{2150E333-8FDC-42A3-9474-1A3956D46DE8}") = "01.Common", "01.Common", "{7E72ACC9-856E-43CB-A52B-F26F2B6098F5}"
EndProject
Project("{2150E333-8FDC-42A3-9474-1A3956D46DE8}") = "02.Caching", "02.Caching", "{F491640B-E617-4B70-B076-382E32F61DDC}"
EndProject
Project("{2150E333-8FDC-42A3-9474-1A3956D46DE8}") = "03.Entities", "03.Entities", "{426FEF41-F6B3-44A4-921B-A0A92BAEDC3D}"
EndProject
Project("{2150E333-8FDC-42A3-9474-1A3956D46DE8}") = "04.Bussiness", "04.Bussiness", "{B7809CA6-C564-4522-8755-BBA8E60C1889}"
EndProject
Project("{2150E333-8FDC-42A3-9474-1A3956D46DE8}") = "05.Presentations", "05.Presentations", "{345DED67-4F6D-4344-A5C9-922F2D23B131}"
EndProject
Project("{9A19103F-16F7-4668-BE54-9A1E7A4F7556}") = "DVG.WIS.Utilities", "DVG.WIS.Utilities\DVG.WIS.Utilities.csproj", "{A09EC595-3F67-4461-8C0C-5BC5BE30352C}"
EndProject
Project("{9A19103F-16F7-4668-BE54-9A1E7A4F7556}") = "DVG.WIS.Caching", "DVG.WIS.Caching\DVG.WIS.Caching.csproj", "{195A3009-FC4B-40F9-A546-A56B66CC9455}"
EndProject
Project("{9A19103F-16F7-4668-BE54-9A1E7A4F7556}") = "DVG.WIS.Entities", "DVG.WIS.Entities\DVG.WIS.Entities.csproj", "{170F1AAE-0FB6-4F35-A0D5-B186461C5DC8}"
EndProject
Project("{9A19103F-16F7-4668-BE54-9A1E7A4F7556}") = "DVG.WIS.PublicModel", "DVG.WIS.PublicModel\DVG.WIS.PublicModel.csproj", "{649F953C-887C-42F8-852C-45C6B584B129}"
EndProject
Project("{9A19103F-16F7-4668-BE54-9A1E7A4F7556}") = "DVG.WIS.Business", "DVG.WIS.Business\DVG.WIS.Business.csproj", "{4F837B66-E4BF-48E0-B8AF-B0B318BB3F19}"
EndProject
Project("{9A19103F-16F7-4668-BE54-9A1E7A4F7556}") = "DVG.WIS.Core", "DVG.WIS.Core\DVG.WIS.Core.csproj", "{F94288F9-549D-46B0-BEAE-67044DEF7062}"
EndProject
Project("{9A19103F-16F7-4668-BE54-9A1E7A4F7556}") = "DVG.WIS.DAL", "DVG.WIS.DAL\DVG.WIS.DAL.csproj", "{295C1165-7427-40B8-96B8-58BEA147114A}"
EndProject
Project("{2150E333-8FDC-42A3-9474-1A3956D46DE8}") = "06.UnitTest", "06.UnitTest", "{CCD0EFAF-AD03-4F2F-8B75-09FA76212A2C}"
EndProject
Project("{9A19103F-16F7-4668-BE54-9A1E7A4F7556}") = "DVG.WIS.Business.xTest", "DVG.WIS.Business.xTest\DVG.WIS.Business.xTest.csproj", "{AFD091BB-2002-4D8E-8758-12BBFF7E3EC9}"
EndProject
Project("{9A19103F-16F7-4668-BE54-9A1E7A4F7556}") = "DVG.CK.OMS.PublicApi", "DVG.CK.OMS.PublicApi\DVG.CK.OMS.PublicApi.csproj", "{1724422F-A273-4684-A336-7C59F90CC23B}"
EndProject
Project("{9A19103F-16F7-4668-BE54-9A1E7A4F7556}") = "DVG.CK.OMS", "DVG.CK.OMS\DVG.CK.OMS.csproj", "{7C2140D0-5473-4E6A-870E-151CFAD0BA27}"
EndProject
Project("{9A19103F-16F7-4668-BE54-9A1E7A4F7556}") = "DVG.CK.Services", "DVG.CK.Services\DVG.CK.Services.csproj", "{AD701697-725F-42F1-AAB8-0751E25B14A5}"
EndProject
Project("{9A19103F-16F7-4668-BE54-9A1E7A4F7556}") = "Base.Logging", "Base.Logging\Base.Logging.csproj", "{E00C970F-D161-4E31-9815-B0AA3B683DCB}"
EndProject
Project("{9A19103F-16F7-4668-BE54-9A1E7A4F7556}") = "DVG.CK.OMSApi", "DVG.CK.OMSApi\DVG.CK.OMSApi.csproj", "{3DD7CBFD-51AB-4A0E-BDEE-BFE6913C4848}"
EndProject
Project("{9A19103F-16F7-4668-BE54-9A1E7A4F7556}") = "DVG.CK.OMSClient", "DVG.CK.OMSClient\DVG.CK.OMSClient.csproj", "{000D291E-2A05-41AA-9491-7A7D684811AA}"
EndProject
Project("{9A19103F-16F7-4668-BE54-9A1E7A4F7556}") = "DVG.WIS.Caching.Test", "DVG.WIS.Caching.Test\DVG.WIS.Caching.Test.csproj", "{FBB5C3A5-62E7-4017-AC15-16FD833A1DDA}"
EndProject
Project("{FAE04EC0-301F-11D3-BF4B-00C04F79EFBC}") = "DVG.CK.OMSApi.Test", "DVG.CK.OMSApi.Test\DVG.CK.OMSApi.Test.csproj", "{FFC93976-F960-4743-AC84-21808405A389}"
EndProject
Global
	GlobalSection(SolutionConfigurationPlatforms) = preSolution
		Debug|Any CPU = Debug|Any CPU
		Release|Any CPU = Release|Any CPU
	EndGlobalSection
	GlobalSection(ProjectConfigurationPlatforms) = postSolution
		{A09EC595-3F67-4461-8C0C-5BC5BE30352C}.Debug|Any CPU.ActiveCfg = Debug|Any CPU
		{A09EC595-3F67-4461-8C0C-5BC5BE30352C}.Debug|Any CPU.Build.0 = Debug|Any CPU
		{A09EC595-3F67-4461-8C0C-5BC5BE30352C}.Release|Any CPU.ActiveCfg = Release|Any CPU
		{A09EC595-3F67-4461-8C0C-5BC5BE30352C}.Release|Any CPU.Build.0 = Release|Any CPU
		{195A3009-FC4B-40F9-A546-A56B66CC9455}.Debug|Any CPU.ActiveCfg = Debug|Any CPU
		{195A3009-FC4B-40F9-A546-A56B66CC9455}.Debug|Any CPU.Build.0 = Debug|Any CPU
		{195A3009-FC4B-40F9-A546-A56B66CC9455}.Release|Any CPU.ActiveCfg = Release|Any CPU
		{195A3009-FC4B-40F9-A546-A56B66CC9455}.Release|Any CPU.Build.0 = Release|Any CPU
		{170F1AAE-0FB6-4F35-A0D5-B186461C5DC8}.Debug|Any CPU.ActiveCfg = Debug|Any CPU
		{170F1AAE-0FB6-4F35-A0D5-B186461C5DC8}.Debug|Any CPU.Build.0 = Debug|Any CPU
		{170F1AAE-0FB6-4F35-A0D5-B186461C5DC8}.Release|Any CPU.ActiveCfg = Release|Any CPU
		{170F1AAE-0FB6-4F35-A0D5-B186461C5DC8}.Release|Any CPU.Build.0 = Release|Any CPU
		{649F953C-887C-42F8-852C-45C6B584B129}.Debug|Any CPU.ActiveCfg = Debug|Any CPU
		{649F953C-887C-42F8-852C-45C6B584B129}.Debug|Any CPU.Build.0 = Debug|Any CPU
		{649F953C-887C-42F8-852C-45C6B584B129}.Release|Any CPU.ActiveCfg = Release|Any CPU
		{649F953C-887C-42F8-852C-45C6B584B129}.Release|Any CPU.Build.0 = Release|Any CPU
		{4F837B66-E4BF-48E0-B8AF-B0B318BB3F19}.Debug|Any CPU.ActiveCfg = Debug|Any CPU
		{4F837B66-E4BF-48E0-B8AF-B0B318BB3F19}.Debug|Any CPU.Build.0 = Debug|Any CPU
		{4F837B66-E4BF-48E0-B8AF-B0B318BB3F19}.Release|Any CPU.ActiveCfg = Release|Any CPU
		{4F837B66-E4BF-48E0-B8AF-B0B318BB3F19}.Release|Any CPU.Build.0 = Release|Any CPU
		{F94288F9-549D-46B0-BEAE-67044DEF7062}.Debug|Any CPU.ActiveCfg = Debug|Any CPU
		{F94288F9-549D-46B0-BEAE-67044DEF7062}.Debug|Any CPU.Build.0 = Debug|Any CPU
		{F94288F9-549D-46B0-BEAE-67044DEF7062}.Release|Any CPU.ActiveCfg = Release|Any CPU
		{F94288F9-549D-46B0-BEAE-67044DEF7062}.Release|Any CPU.Build.0 = Release|Any CPU
		{295C1165-7427-40B8-96B8-58BEA147114A}.Debug|Any CPU.ActiveCfg = Debug|Any CPU
		{295C1165-7427-40B8-96B8-58BEA147114A}.Debug|Any CPU.Build.0 = Debug|Any CPU
		{295C1165-7427-40B8-96B8-58BEA147114A}.Release|Any CPU.ActiveCfg = Release|Any CPU
		{295C1165-7427-40B8-96B8-58BEA147114A}.Release|Any CPU.Build.0 = Release|Any CPU
		{AFD091BB-2002-4D8E-8758-12BBFF7E3EC9}.Debug|Any CPU.ActiveCfg = Debug|Any CPU
		{AFD091BB-2002-4D8E-8758-12BBFF7E3EC9}.Debug|Any CPU.Build.0 = Debug|Any CPU
		{AFD091BB-2002-4D8E-8758-12BBFF7E3EC9}.Release|Any CPU.ActiveCfg = Release|Any CPU
		{AFD091BB-2002-4D8E-8758-12BBFF7E3EC9}.Release|Any CPU.Build.0 = Release|Any CPU
		{1724422F-A273-4684-A336-7C59F90CC23B}.Debug|Any CPU.ActiveCfg = Debug|Any CPU
		{1724422F-A273-4684-A336-7C59F90CC23B}.Debug|Any CPU.Build.0 = Debug|Any CPU
		{1724422F-A273-4684-A336-7C59F90CC23B}.Release|Any CPU.ActiveCfg = Release|Any CPU
		{1724422F-A273-4684-A336-7C59F90CC23B}.Release|Any CPU.Build.0 = Release|Any CPU
		{7C2140D0-5473-4E6A-870E-151CFAD0BA27}.Debug|Any CPU.ActiveCfg = Debug|Any CPU
		{7C2140D0-5473-4E6A-870E-151CFAD0BA27}.Debug|Any CPU.Build.0 = Debug|Any CPU
		{7C2140D0-5473-4E6A-870E-151CFAD0BA27}.Release|Any CPU.ActiveCfg = Release|Any CPU
		{7C2140D0-5473-4E6A-870E-151CFAD0BA27}.Release|Any CPU.Build.0 = Release|Any CPU
		{AD701697-725F-42F1-AAB8-0751E25B14A5}.Debug|Any CPU.ActiveCfg = Debug|Any CPU
		{AD701697-725F-42F1-AAB8-0751E25B14A5}.Debug|Any CPU.Build.0 = Debug|Any CPU
		{AD701697-725F-42F1-AAB8-0751E25B14A5}.Release|Any CPU.ActiveCfg = Release|Any CPU
		{AD701697-725F-42F1-AAB8-0751E25B14A5}.Release|Any CPU.Build.0 = Release|Any CPU
		{E00C970F-D161-4E31-9815-B0AA3B683DCB}.Debug|Any CPU.ActiveCfg = Debug|Any CPU
		{E00C970F-D161-4E31-9815-B0AA3B683DCB}.Debug|Any CPU.Build.0 = Debug|Any CPU
		{E00C970F-D161-4E31-9815-B0AA3B683DCB}.Release|Any CPU.ActiveCfg = Release|Any CPU
		{E00C970F-D161-4E31-9815-B0AA3B683DCB}.Release|Any CPU.Build.0 = Release|Any CPU
		{3DD7CBFD-51AB-4A0E-BDEE-BFE6913C4848}.Debug|Any CPU.ActiveCfg = Debug|Any CPU
		{3DD7CBFD-51AB-4A0E-BDEE-BFE6913C4848}.Debug|Any CPU.Build.0 = Debug|Any CPU
		{3DD7CBFD-51AB-4A0E-BDEE-BFE6913C4848}.Release|Any CPU.ActiveCfg = Release|Any CPU
		{3DD7CBFD-51AB-4A0E-BDEE-BFE6913C4848}.Release|Any CPU.Build.0 = Release|Any CPU
		{000D291E-2A05-41AA-9491-7A7D684811AA}.Debug|Any CPU.ActiveCfg = Debug|Any CPU
		{000D291E-2A05-41AA-9491-7A7D684811AA}.Debug|Any CPU.Build.0 = Debug|Any CPU
		{000D291E-2A05-41AA-9491-7A7D684811AA}.Release|Any CPU.ActiveCfg = Release|Any CPU
		{000D291E-2A05-41AA-9491-7A7D684811AA}.Release|Any CPU.Build.0 = Release|Any CPU
		{FBB5C3A5-62E7-4017-AC15-16FD833A1DDA}.Debug|Any CPU.ActiveCfg = Debug|Any CPU
		{FBB5C3A5-62E7-4017-AC15-16FD833A1DDA}.Debug|Any CPU.Build.0 = Debug|Any CPU
		{FBB5C3A5-62E7-4017-AC15-16FD833A1DDA}.Release|Any CPU.ActiveCfg = Release|Any CPU
		{FBB5C3A5-62E7-4017-AC15-16FD833A1DDA}.Release|Any CPU.Build.0 = Release|Any CPU
		{FFC93976-F960-4743-AC84-21808405A389}.Debug|Any CPU.ActiveCfg = Debug|Any CPU
		{FFC93976-F960-4743-AC84-21808405A389}.Debug|Any CPU.Build.0 = Debug|Any CPU
		{FFC93976-F960-4743-AC84-21808405A389}.Release|Any CPU.ActiveCfg = Release|Any CPU
		{FFC93976-F960-4743-AC84-21808405A389}.Release|Any CPU.Build.0 = Release|Any CPU
	EndGlobalSection
	GlobalSection(SolutionProperties) = preSolution
		HideSolutionNode = FALSE
	EndGlobalSection
	GlobalSection(NestedProjects) = preSolution
		{A09EC595-3F67-4461-8C0C-5BC5BE30352C} = {7E72ACC9-856E-43CB-A52B-F26F2B6098F5}
		{195A3009-FC4B-40F9-A546-A56B66CC9455} = {F491640B-E617-4B70-B076-382E32F61DDC}
		{170F1AAE-0FB6-4F35-A0D5-B186461C5DC8} = {426FEF41-F6B3-44A4-921B-A0A92BAEDC3D}
		{649F953C-887C-42F8-852C-45C6B584B129} = {426FEF41-F6B3-44A4-921B-A0A92BAEDC3D}
		{4F837B66-E4BF-48E0-B8AF-B0B318BB3F19} = {B7809CA6-C564-4522-8755-BBA8E60C1889}
		{F94288F9-549D-46B0-BEAE-67044DEF7062} = {B7809CA6-C564-4522-8755-BBA8E60C1889}
		{295C1165-7427-40B8-96B8-58BEA147114A} = {B7809CA6-C564-4522-8755-BBA8E60C1889}
		{AFD091BB-2002-4D8E-8758-12BBFF7E3EC9} = {CCD0EFAF-AD03-4F2F-8B75-09FA76212A2C}
		{1724422F-A273-4684-A336-7C59F90CC23B} = {345DED67-4F6D-4344-A5C9-922F2D23B131}
		{7C2140D0-5473-4E6A-870E-151CFAD0BA27} = {345DED67-4F6D-4344-A5C9-922F2D23B131}
		{AD701697-725F-42F1-AAB8-0751E25B14A5} = {345DED67-4F6D-4344-A5C9-922F2D23B131}
		{E00C970F-D161-4E31-9815-B0AA3B683DCB} = {7E72ACC9-856E-43CB-A52B-F26F2B6098F5}
		{3DD7CBFD-51AB-4A0E-BDEE-BFE6913C4848} = {345DED67-4F6D-4344-A5C9-922F2D23B131}
		{000D291E-2A05-41AA-9491-7A7D684811AA} = {345DED67-4F6D-4344-A5C9-922F2D23B131}
		{FBB5C3A5-62E7-4017-AC15-16FD833A1DDA} = {CCD0EFAF-AD03-4F2F-8B75-09FA76212A2C}
		{FFC93976-F960-4743-AC84-21808405A389} = {CCD0EFAF-AD03-4F2F-8B75-09FA76212A2C}
	EndGlobalSection
	GlobalSection(ExtensibilityGlobals) = postSolution
		SolutionGuid = {B31EDFB2-6996-45C4-82F2-C9B19DBB78C7}
	EndGlobalSection
EndGlobal
